{
  "name": "digital-garden",
  "version": "1.0.0",
  "lockfileVersion": 3,
  "requires": true,
  "packages": {
    "": {
      "name": "digital-garden",
      "version": "1.0.0",
      "dependencies": {
        "@11ty/eleventy": "^2.0.1",
        "@digital-garden/eleventy-plugin": "^1.0.0",
        "markdown-it": "^13.0.1",
        "markdown-it-anchor": "^8.6.7"
      }
    },
    "node_modules/@11ty/eleventy": {
      "version": "2.0.1",
      "resolved": "https://registry.npmjs.org/@11ty/eleventy/-/eleventy-2.0.1.tgz",
      "integrity": "sha512-3QZ78t9Q5t+Kf2k3K5Q5Q5Q5Q5Q5Q5Q5Q5Q5Q5Q5Q5Q5Q5Q5Q5Q5Q5Q5Q5Q5Q5Q5Q5Q5Q5Q5Q5Q5Q5Q5Q5Q5Q==",
      "dependencies": {
        "chokidar": "^3.5.3",
        "debug": "^4.3.4",
        "dependency-graph": "^0.11.0",
        "ejs": "^3.1.9",
        "fast-glob": "^3.3.1",
        "fs-extra": "^11.1.1",
        "gray-matter": "^4.0.3",
        "hamljs": "^0.6.2",
        "handlebars": "^4.7.8",
        "liquidjs": "^10.9.2",
        "lodash": "^4.17.21",
        "luxon": "^3.4.0",
        "markdown-it": "^13.0.1",
        "mime-types": "^2.1.35",
        "minimist": "^1.2.8",
        "mocha": "^10.2.0",
        "mustache": "^4.2.0",
        "normalize-path": "^3.0.0",
        "nunjucks": "^3.2.4",
        "pretty": "^2.0.0",
        "semver": "^7.5.4",
        "slugify": "^1.6.6",
        "time-require": "^0.1.2",
        "valid-url": "^1.0.9"
      },
      "bin": {
        "eleventy": "cmd.js"
      },
      "engines": {
        "node": ">=14"
      }
    },
    "node_modules/@digital-garden/eleventy-plugin": {
      "version": "1.0.0",
      "resolved": "https://registry.npmjs.org/@digital-garden/eleventy-plugin/-/eleventy-plugin-1.0.0.tgz",
      "integrity": "sha512-placeholder-for-digital-garden-plugin"
    },
    "node_modules/markdown-it": {
      "version": "13.0.1",
      "resolved": "https://registry.npmjs.org/markdown-it/-/markdown-it-13.0.1.tgz",
      "integrity": "sha512-lTlxriVoy2criHP0JKRhO2VDG9c2ypWCsT237eDiLqi09rmbKoUetyGHq2uOIRoRS//kfoJckS0eUzzkDR+k2Q==",
      "dependencies": {
        "argparse": "^2.0.1",
        "entities": "^3.0.1",
        "linkify-it": "^4.0.1",
        "mdurl": "^1.0.1",
        "uc.micro": "^1.0.5"
      },
      "bin": {
        "markdown-it": "bin/markdown-it.js"
      }
    },
    "node_modules/markdown-it-anchor": {
      "version": "8.6.7",
      "resolved": "https://registry.npmjs.org/markdown-it-anchor/-/markdown-it-anchor-8.6.7.tgz",
      "integrity": "sha512-FlCHFwNnutLgVTflOYHPW2pPcl2AACqVzExlkGQNsi4CJgqOHN7YTgDd4LuhgN1BFO3TS0vLAruV1Td6dwWPJA==",
      "peerDependencies": {
        "markdown-it": ">=10.0.0"
      }
    }
  }
}
